
Microsoft Visual Studio Solution File, Format Version 12.00
# Visual Studio Version 17
VisualStudioVersion = 17.8.34316.72
MinimumVisualStudioVersion = 10.0.40219.1
Project("{9A19103F-16F7-4668-BE54-9A1E7A4F7556}") = "Pantry.Module.Recipe", "Pantry.Module.Recipe\Pantry.Module.Recipe.csproj", "{A40FAD99-AFF2-414D-A511-1E425BBF4468}"
EndProject
Project("{9A19103F-16F7-4668-BE54-9A1E7A4F7556}") = "Pantry.Module.Shared", "Pantry.Module.Shared\Pantry.Module.Shared.csproj", "{7FCAAB00-FE3C-45E9-A833-E916A36B703F}"
EndProject
Project("{E53339B2-1760-4266-BCC7-CA923CBCF16C}") = "docker-compose", "docker-compose\docker-compose.dcproj", "{165E8350-90BC-48CE-9CBC-7F808826C4FC}"
EndProject
Project("{9A19103F-16F7-4668-BE54-9A1E7A4F7556}") = "Pantry.Module.Plan", "Pantry.Module.Plan\Pantry.Module.Plan.csproj", "{9E0002DE-A8CA-4140-9526-E259707B8DAC}"
EndProject
Project("{FAE04EC0-301F-11D3-BF4B-00C04F79EFBC}") = "Pantry.Module.Good", "Pantry.Module.Good\Pantry.Module.Good.csproj", "{BE937D5E-FF55-4DAA-B37C-77846BFA783F}"
EndProject
Project("{FAE04EC0-301F-11D3-BF4B-00C04F79EFBC}") = "Pantry.Module.Scanner", "Pantry.Module.Scanner\Pantry.Module.Scanner.csproj", "{A7620895-6AAA-48B4-BAD9-C4F4D78BC52E}"
EndProject
Project("{FAE04EC0-301F-11D3-BF4B-00C04F79EFBC}") = "Pantry.Api", "Pantry.Api\Pantry.Api.csproj", "{E53835A8-1A75-49B1-B51E-28839052F605}"
EndProject
Project("{2150E333-8FDC-42A3-9474-1A3956D46DE8}") = "Modules", "Modules", "{5FE0CE95-BC3F-48A7-B085-1A6EC7E1E268}"
EndProject
Project("{2150E333-8FDC-42A3-9474-1A3956D46DE8}") = "Recipe", "Recipe", "{FA3776BD-9114-4365-B30C-E05D56282DC2}"
EndProject
Project("{2150E333-8FDC-42A3-9474-1A3956D46DE8}") = "Plan", "Plan", "{F689424F-5051-4A8C-9B43-0FDD1419AF88}"
EndProject
Project("{2150E333-8FDC-42A3-9474-1A3956D46DE8}") = "Good", "Good", "{DB4FED8A-1015-447C-B429-4274545FB1C5}"
EndProject
Project("{2150E333-8FDC-42A3-9474-1A3956D46DE8}") = "Scanner", "Scanner", "{BF239647-1199-4D6D-A6B5-E3632E41073E}"
EndProject
Project("{2150E333-8FDC-42A3-9474-1A3956D46DE8}") = "Shared", "Shared", "{55B8EF98-BD9B-48E5-B5D5-A844960BBFD8}"
EndProject
Project("{2150E333-8FDC-42A3-9474-1A3956D46DE8}") = "Authentication", "Authentication", "{E91649B5-632E-4B35-A091-DD63903ED337}"
EndProject
Project("{FAE04EC0-301F-11D3-BF4B-00C04F79EFBC}") = "Pantry.Module.Authentication", "Pantry.Module.Authentication\Pantry.Module.Authentication.csproj", "{B0F777CE-1B76-47C1-B8A3-BD9A9FBA8DC6}"
EndProject
Project("{FAE04EC0-301F-11D3-BF4B-00C04F79EFBC}") = "Pantry.Module.Scanner.Tests", "Pantry.Module.Scanner.Tests\Pantry.Module.Scanner.Tests.csproj", "{96062881-25AE-4B5A-BA38-30F04B5516BB}"
EndProject
Global
	GlobalSection(SolutionConfigurationPlatforms) = preSolution
		Debug|Any CPU = Debug|Any CPU
		Release|Any CPU = Release|Any CPU
	EndGlobalSection
	GlobalSection(ProjectConfigurationPlatforms) = postSolution
		{A40FAD99-AFF2-414D-A511-1E425BBF4468}.Debug|Any CPU.ActiveCfg = Debug|Any CPU
		{A40FAD99-AFF2-414D-A511-1E425BBF4468}.Debug|Any CPU.Build.0 = Debug|Any CPU
		{A40FAD99-AFF2-414D-A511-1E425BBF4468}.Release|Any CPU.ActiveCfg = Release|Any CPU
		{A40FAD99-AFF2-414D-A511-1E425BBF4468}.Release|Any CPU.Build.0 = Release|Any CPU
		{7FCAAB00-FE3C-45E9-A833-E916A36B703F}.Debug|Any CPU.ActiveCfg = Debug|Any CPU
		{7FCAAB00-FE3C-45E9-A833-E916A36B703F}.Debug|Any CPU.Build.0 = Debug|Any CPU
		{7FCAAB00-FE3C-45E9-A833-E916A36B703F}.Release|Any CPU.ActiveCfg = Release|Any CPU
		{7FCAAB00-FE3C-45E9-A833-E916A36B703F}.Release|Any CPU.Build.0 = Release|Any CPU
		{165E8350-90BC-48CE-9CBC-7F808826C4FC}.Debug|Any CPU.ActiveCfg = Debug|Any CPU
		{165E8350-90BC-48CE-9CBC-7F808826C4FC}.Debug|Any CPU.Build.0 = Debug|Any CPU
		{165E8350-90BC-48CE-9CBC-7F808826C4FC}.Release|Any CPU.ActiveCfg = Release|Any CPU
		{165E8350-90BC-48CE-9CBC-7F808826C4FC}.Release|Any CPU.Build.0 = Release|Any CPU
		{9E0002DE-A8CA-4140-9526-E259707B8DAC}.Debug|Any CPU.ActiveCfg = Debug|Any CPU
		{9E0002DE-A8CA-4140-9526-E259707B8DAC}.Debug|Any CPU.Build.0 = Debug|Any CPU
		{9E0002DE-A8CA-4140-9526-E259707B8DAC}.Release|Any CPU.ActiveCfg = Release|Any CPU
		{9E0002DE-A8CA-4140-9526-E259707B8DAC}.Release|Any CPU.Build.0 = Release|Any CPU
		{BE937D5E-FF55-4DAA-B37C-77846BFA783F}.Debug|Any CPU.ActiveCfg = Debug|Any CPU
		{BE937D5E-FF55-4DAA-B37C-77846BFA783F}.Debug|Any CPU.Build.0 = Debug|Any CPU
		{BE937D5E-FF55-4DAA-B37C-77846BFA783F}.Release|Any CPU.ActiveCfg = Release|Any CPU
		{BE937D5E-FF55-4DAA-B37C-77846BFA783F}.Release|Any CPU.Build.0 = Release|Any CPU
		{A7620895-6AAA-48B4-BAD9-C4F4D78BC52E}.Debug|Any CPU.ActiveCfg = Debug|Any CPU
		{A7620895-6AAA-48B4-BAD9-C4F4D78BC52E}.Debug|Any CPU.Build.0 = Debug|Any CPU
		{A7620895-6AAA-48B4-BAD9-C4F4D78BC52E}.Release|Any CPU.ActiveCfg = Release|Any CPU
		{A7620895-6AAA-48B4-BAD9-C4F4D78BC52E}.Release|Any CPU.Build.0 = Release|Any CPU
		{E53835A8-1A75-49B1-B51E-28839052F605}.Debug|Any CPU.ActiveCfg = Debug|Any CPU
		{E53835A8-1A75-49B1-B51E-28839052F605}.Debug|Any CPU.Build.0 = Debug|Any CPU
		{E53835A8-1A75-49B1-B51E-28839052F605}.Release|Any CPU.ActiveCfg = Release|Any CPU
		{E53835A8-1A75-49B1-B51E-28839052F605}.Release|Any CPU.Build.0 = Release|Any CPU
		{B0F777CE-1B76-47C1-B8A3-BD9A9FBA8DC6}.Debug|Any CPU.ActiveCfg = Debug|Any CPU
		{B0F777CE-1B76-47C1-B8A3-BD9A9FBA8DC6}.Debug|Any CPU.Build.0 = Debug|Any CPU
		{B0F777CE-1B76-47C1-B8A3-BD9A9FBA8DC6}.Release|Any CPU.ActiveCfg = Release|Any CPU
		{B0F777CE-1B76-47C1-B8A3-BD9A9FBA8DC6}.Release|Any CPU.Build.0 = Release|Any CPU
		{96062881-25AE-4B5A-BA38-30F04B5516BB}.Debug|Any CPU.ActiveCfg = Debug|Any CPU
		{96062881-25AE-4B5A-BA38-30F04B5516BB}.Debug|Any CPU.Build.0 = Debug|Any CPU
		{96062881-25AE-4B5A-BA38-30F04B5516BB}.Release|Any CPU.ActiveCfg = Release|Any CPU
		{96062881-25AE-4B5A-BA38-30F04B5516BB}.Release|Any CPU.Build.0 = Release|Any CPU
	EndGlobalSection
	GlobalSection(SolutionProperties) = preSolution
		HideSolutionNode = FALSE
	EndGlobalSection
	GlobalSection(ExtensibilityGlobals) = postSolution
		SolutionGuid = {87037A5E-D733-420C-894E-3F055C0A9202}
	EndGlobalSection
	GlobalSection(NestedProjects) = preSolution
		{FA3776BD-9114-4365-B30C-E05D56282DC2} = {5FE0CE95-BC3F-48A7-B085-1A6EC7E1E268}
		{A40FAD99-AFF2-414D-A511-1E425BBF4468} = {FA3776BD-9114-4365-B30C-E05D56282DC2}
		{F689424F-5051-4A8C-9B43-0FDD1419AF88} = {5FE0CE95-BC3F-48A7-B085-1A6EC7E1E268}
		{9E0002DE-A8CA-4140-9526-E259707B8DAC} = {F689424F-5051-4A8C-9B43-0FDD1419AF88}
		{DB4FED8A-1015-447C-B429-4274545FB1C5} = {5FE0CE95-BC3F-48A7-B085-1A6EC7E1E268}
		{BE937D5E-FF55-4DAA-B37C-77846BFA783F} = {DB4FED8A-1015-447C-B429-4274545FB1C5}
		{BF239647-1199-4D6D-A6B5-E3632E41073E} = {5FE0CE95-BC3F-48A7-B085-1A6EC7E1E268}
		{A7620895-6AAA-48B4-BAD9-C4F4D78BC52E} = {BF239647-1199-4D6D-A6B5-E3632E41073E}
		{55B8EF98-BD9B-48E5-B5D5-A844960BBFD8} = {5FE0CE95-BC3F-48A7-B085-1A6EC7E1E268}
		{7FCAAB00-FE3C-45E9-A833-E916A36B703F} = {55B8EF98-BD9B-48E5-B5D5-A844960BBFD8}
		{E91649B5-632E-4B35-A091-DD63903ED337} = {5FE0CE95-BC3F-48A7-B085-1A6EC7E1E268}
		{B0F777CE-1B76-47C1-B8A3-BD9A9FBA8DC6} = {E91649B5-632E-4B35-A091-DD63903ED337}
		{96062881-25AE-4B5A-BA38-30F04B5516BB} = {BF239647-1199-4D6D-A6B5-E3632E41073E}
	EndGlobalSection
EndGlobal
